
Microsoft Visual Studio Solution File, Format Version 12.00
# Visual Studio Version 17
VisualStudioVersion = 17.2.32630.192
MinimumVisualStudioVersion = 10.0.40219.1
Project("{FAE04EC0-301F-11D3-BF4B-00C04F79EFBC}") = "WebApplication1", "WebApplication1\WebApplication1.csproj", "{6908147B-E065-4580-A28B-EBF6B2C32868}"
EndProject
Global
	GlobalSection(SolutionConfigurationPlatforms) = preSolution
		Debug|Any CPU = Debug|Any CPU
		Release|Any CPU = Release|Any CPU
	EndGlobalSection
	GlobalSection(ProjectConfigurationPlatforms) = postSolution
		{6908147B-E065-4580-A28B-EBF6B2C32868}.Debug|Any CPU.ActiveCfg = Debug|Any CPU
		{6908147B-E065-4580-A28B-EBF6B2C32868}.Debug|Any CPU.Build.0 = Debug|Any CPU
		{6908147B-E065-4580-A28B-EBF6B2C32868}.Release|Any CPU.ActiveCfg = Release|Any CPU
		{6908147B-E065-4580-A28B-EBF6B2C32868}.Release|Any CPU.Build.0 = Release|Any CPU
	EndGlobalSection
	GlobalSection(SolutionProperties) = preSolution
		HideSolutionNode = FALSE
	EndGlobalSection
	GlobalSection(ExtensibilityGlobals) = postSolution
		SolutionGuid = {CA1FB1B1-EF5F-4189-8359-4ECF1DA6355B}
	EndGlobalSection
EndGlobal
